
Microsoft Visual Studio Solution File, Format Version 12.00
# Visual Studio Version 17
VisualStudioVersion = 17.0.31825.309
MinimumVisualStudioVersion = 10.0.40219.1
Project("{9A19103F-16F7-4668-BE54-9A1E7A4F7556}") = "SolarSystem.WebApi", "SolarSystem.WebApi\SolarSystem.WebApi.csproj", "{6930CA01-A689-4D08-9E32-AC285BCC373D}"
EndProject
Project("{9A19103F-16F7-4668-BE54-9A1E7A4F7556}") = "SolarSystem.Data", "SolarSystem.Data\SolarSystem.Data.csproj", "{C736F810-4643-4BD5-84EC-35DD3755087F}"
EndProject
Project("{9A19103F-16F7-4668-BE54-9A1E7A4F7556}") = "SolarSystem.Utility", "SolarSystem.Utility\SolarSystem.Utility.csproj", "{6392A3D6-C2EB-4D44-9D18-587285F4CB92}"
EndProject
Project("{9A19103F-16F7-4668-BE54-9A1E7A4F7556}") = "SolarSystem.Repository", "SolarSystem.Repository\SolarSystem.Repository.csproj", "{8843427F-AB14-445D-BD96-E77EFED76714}"
EndProject
Project("{FAE04EC0-301F-11D3-BF4B-00C04F79EFBC}") = "SolarSystem.XUnitTest", "SolarSystem.XUnitTest\SolarSystem.XUnitTest.csproj", "{7F17BFB4-8A9B-4554-AF0F-CF9B5CA256FA}"
EndProject
Project("{FAE04EC0-301F-11D3-BF4B-00C04F79EFBC}") = "SolarSystem.Services", "SolarSystem.Services\SolarSystem.Services.csproj", "{8891D4B8-D18A-4C32-82B2-1AE48E613EF0}"
EndProject
Global
	GlobalSection(SolutionConfigurationPlatforms) = preSolution
		Debug|Any CPU = Debug|Any CPU
		Release|Any CPU = Release|Any CPU
	EndGlobalSection
	GlobalSection(ProjectConfigurationPlatforms) = postSolution
		{6930CA01-A689-4D08-9E32-AC285BCC373D}.Debug|Any CPU.ActiveCfg = Debug|Any CPU
		{6930CA01-A689-4D08-9E32-AC285BCC373D}.Debug|Any CPU.Build.0 = Debug|Any CPU
		{6930CA01-A689-4D08-9E32-AC285BCC373D}.Release|Any CPU.ActiveCfg = Release|Any CPU
		{6930CA01-A689-4D08-9E32-AC285BCC373D}.Release|Any CPU.Build.0 = Release|Any CPU
		{C736F810-4643-4BD5-84EC-35DD3755087F}.Debug|Any CPU.ActiveCfg = Debug|Any CPU
		{C736F810-4643-4BD5-84EC-35DD3755087F}.Debug|Any CPU.Build.0 = Debug|Any CPU
		{C736F810-4643-4BD5-84EC-35DD3755087F}.Release|Any CPU.ActiveCfg = Release|Any CPU
		{C736F810-4643-4BD5-84EC-35DD3755087F}.Release|Any CPU.Build.0 = Release|Any CPU
		{6392A3D6-C2EB-4D44-9D18-587285F4CB92}.Debug|Any CPU.ActiveCfg = Debug|Any CPU
		{6392A3D6-C2EB-4D44-9D18-587285F4CB92}.Debug|Any CPU.Build.0 = Debug|Any CPU
		{6392A3D6-C2EB-4D44-9D18-587285F4CB92}.Release|Any CPU.ActiveCfg = Release|Any CPU
		{6392A3D6-C2EB-4D44-9D18-587285F4CB92}.Release|Any CPU.Build.0 = Release|Any CPU
		{8843427F-AB14-445D-BD96-E77EFED76714}.Debug|Any CPU.ActiveCfg = Debug|Any CPU
		{8843427F-AB14-445D-BD96-E77EFED76714}.Debug|Any CPU.Build.0 = Debug|Any CPU
		{8843427F-AB14-445D-BD96-E77EFED76714}.Release|Any CPU.ActiveCfg = Release|Any CPU
		{8843427F-AB14-445D-BD96-E77EFED76714}.Release|Any CPU.Build.0 = Release|Any CPU
		{7F17BFB4-8A9B-4554-AF0F-CF9B5CA256FA}.Debug|Any CPU.ActiveCfg = Debug|Any CPU
		{7F17BFB4-8A9B-4554-AF0F-CF9B5CA256FA}.Debug|Any CPU.Build.0 = Debug|Any CPU
		{7F17BFB4-8A9B-4554-AF0F-CF9B5CA256FA}.Release|Any CPU.ActiveCfg = Release|Any CPU
		{7F17BFB4-8A9B-4554-AF0F-CF9B5CA256FA}.Release|Any CPU.Build.0 = Release|Any CPU
		{8891D4B8-D18A-4C32-82B2-1AE48E613EF0}.Debug|Any CPU.ActiveCfg = Debug|Any CPU
		{8891D4B8-D18A-4C32-82B2-1AE48E613EF0}.Debug|Any CPU.Build.0 = Debug|Any CPU
		{8891D4B8-D18A-4C32-82B2-1AE48E613EF0}.Release|Any CPU.ActiveCfg = Release|Any CPU
		{8891D4B8-D18A-4C32-82B2-1AE48E613EF0}.Release|Any CPU.Build.0 = Release|Any CPU
	EndGlobalSection
	GlobalSection(SolutionProperties) = preSolution
		HideSolutionNode = FALSE
	EndGlobalSection
	GlobalSection(ExtensibilityGlobals) = postSolution
		SolutionGuid = {BEA7B116-BAC9-4A99-82AD-9EC0277ADD85}
	EndGlobalSection
EndGlobal
